
Microsoft Visual Studio Solution File, Format Version 12.00
# Visual Studio Version 16
VisualStudioVersion = 16.0.30907.101
MinimumVisualStudioVersion = 10.0.40219.1
Project("{FAE04EC0-301F-11D3-BF4B-00C04F79EFBC}") = "HOmework.18", "HOmework.18\HOmework.18.csproj", "{9BC6F803-457F-451E-AF09-5F938CCFFD73}"
EndProject
Global
	GlobalSection(SolutionConfigurationPlatforms) = preSolution
		Debug|Any CPU = Debug|Any CPU
		Release|Any CPU = Release|Any CPU
	EndGlobalSection
	GlobalSection(ProjectConfigurationPlatforms) = postSolution
		{9BC6F803-457F-451E-AF09-5F938CCFFD73}.Debug|Any CPU.ActiveCfg = Debug|Any CPU
		{9BC6F803-457F-451E-AF09-5F938CCFFD73}.Debug|Any CPU.Build.0 = Debug|Any CPU
		{9BC6F803-457F-451E-AF09-5F938CCFFD73}.Release|Any CPU.ActiveCfg = Release|Any CPU
		{9BC6F803-457F-451E-AF09-5F938CCFFD73}.Release|Any CPU.Build.0 = Release|Any CPU
	EndGlobalSection
	GlobalSection(SolutionProperties) = preSolution
		HideSolutionNode = FALSE
	EndGlobalSection
	GlobalSection(ExtensibilityGlobals) = postSolution
		SolutionGuid = {7C035DC1-3681-4EDB-BE6E-017B2A0975CA}
	EndGlobalSection
EndGlobal
